{
  "nodes": {
    "claude-code-nix": {
      "inputs": {
        "flake-utils": "flake-utils",
        "nixpkgs": [
          "nixpkgs"
        ]
      },
      "locked": {
        "lastModified": 1774753128,
        "narHash": "sha256-Knvqj+Bt5fW0aPfXKmOPknzVWdsIYXhC5faRolsqEcI=",
        "owner": "sadjow",
        "repo": "claude-code-nix",
        "rev": "cd6245f3f60bbbf18b9b963d463fcf6fcd5e90c6",
        "type": "github"
      },
      "original": {
        "owner": "sadjow",
        "repo": "claude-code-nix",
        "type": "github"
      }
    },
    "corsett": {
      "flake": false,
      "locked": {
        "lastModified": 1771792543,
        "narHash": "sha256-yz6lFaWHCJhNr1pxcgfjbNTFjlsgW5ETbcs4eTNGwfI=",
        "owner": "johlrogge",
        "repo": "corsett",
        "rev": "bf16c1aa2e8d6ba1f833e33009f2deecadc3ee26",
        "type": "github"
      },
      "original": {
        "owner": "johlrogge",
        "repo": "corsett",
        "type": "github"
      }
    },
    "ctx": {
      "inputs": {
        "corsett": "corsett",
        "flake-utils": "flake-utils_2",
        "nixpkgs": [
          "nixpkgs"
        ]
      },
      "locked": {
        "lastModified": 1773355372,
        "narHash": "sha256-dmkNoZw4ozH6kFciPnE89Te1jdOXd+Focl2gd5ZOl+E=",
        "owner": "johlrogge.rs",
        "repo": "ctx",
        "rev": "eedcdda6f27df5d0af853af205335b7a2df9e6d2",
        "type": "gitlab"
      },
      "original": {
        "owner": "johlrogge.rs",
        "repo": "ctx",
        "type": "gitlab"
      }
    },
    "devenv": {
      "locked": {
        "dir": "src/modules",
        "lastModified": 1774816935,
        "narHash": "sha256-MJ1kZGA/BZ9Xy+lsppMcw19jCf9zB9lmfwmCDhiC7Dg=",
        "owner": "cachix",
        "repo": "devenv",
        "rev": "a4cf85b989fff0bafe5858c879e5343493a86019",
        "type": "github"
      },
      "original": {
        "dir": "src/modules",
        "owner": "cachix",
        "repo": "devenv",
        "type": "github"
      }
    },
    "flake-utils": {
      "inputs": {
        "systems": "systems"
      },
      "locked": {
        "lastModified": 1731533236,
        "narHash": "sha256-l0KFg5HjrsfsO/JpG+r7fRrqm12kzFHyUHqHCVpMMbI=",
        "owner": "numtide",
        "repo": "flake-utils",
        "rev": "11707dc2f618dd54ca8739b309ec4fc024de578b",
        "type": "github"
      },
      "original": {
        "owner": "numtide",
        "repo": "flake-utils",
        "type": "github"
      }
    },
    "flake-utils_2": {
      "inputs": {
        "systems": "systems_2"
      },
      "locked": {
        "lastModified": 1731533236,
        "narHash": "sha256-l0KFg5HjrsfsO/JpG+r7fRrqm12kzFHyUHqHCVpMMbI=",
        "owner": "numtide",
        "repo": "flake-utils",
        "rev": "11707dc2f618dd54ca8739b309ec4fc024de578b",
        "type": "github"
      },
      "original": {
        "owner": "numtide",
        "repo": "flake-utils",
        "type": "github"
      }
    },
    "metadev": {
      "flake": false,
      "locked": {
        "lastModified": 1774852296,
        "narHash": "sha256-Q3ZPrDRywD3TSZLh15mAdyeQTeWHuQpfsF3YnTw/rbw=",
        "owner": "johlrogge",
        "repo": "metadev",
        "rev": "a0d1bf85985a8ca89c0f0cc27647fb5725c5ab77",
        "type": "github"
      },
      "original": {
        "owner": "johlrogge",
        "repo": "metadev",
        "type": "github"
      }
    },
    "nixpkgs": {
      "inputs": {
        "nixpkgs-src": "nixpkgs-src"
      },
      "locked": {
        "lastModified": 1774287239,
        "narHash": "sha256-W3krsWcDwYuA3gPWsFA24YAXxOFUL6iIlT6IknAoNSE=",
        "owner": "cachix",
        "repo": "devenv-nixpkgs",
        "rev": "fa7125ea7f1ae5430010a6e071f68375a39bd24c",
        "type": "github"
      },
      "original": {
        "owner": "cachix",
        "ref": "rolling",
        "repo": "devenv-nixpkgs",
        "type": "github"
      }
    },
    "nixpkgs-src": {
      "flake": false,
      "locked": {
        "lastModified": 1773840656,
        "narHash": "sha256-9tpvMGFteZnd3gRQZFlRCohVpqooygFuy9yjuyRL2C0=",
        "owner": "NixOS",
        "repo": "nixpkgs",
        "rev": "9cf7092bdd603554bd8b63c216e8943cf9b12512",
        "type": "github"
      },
      "original": {
        "owner": "NixOS",
        "ref": "nixpkgs-unstable",
        "repo": "nixpkgs",
        "type": "github"
      }
    },
    "root": {
      "inputs": {
        "claude-code-nix": "claude-code-nix",
        "ctx": "ctx",
        "devenv": "devenv",
        "metadev": "metadev",
        "nixpkgs": "nixpkgs",
        "rust-overlay": "rust-overlay"
      }
    },
    "rust-overlay": {
      "inputs": {
        "nixpkgs": [
          "nixpkgs"
        ]
      },
      "locked": {
        "lastModified": 1774840424,
        "narHash": "sha256-3Oi4mBKzOCFQYLUyEjyc0s5cnlNj1MzmhpVKoLptpe8=",
        "owner": "oxalica",
        "repo": "rust-overlay",
        "rev": "d9f52b51548e76ab8b6e7d647763047ebdec835c",
        "type": "github"
      },
      "original": {
        "owner": "oxalica",
        "repo": "rust-overlay",
        "type": "github"
      }
    },
    "systems": {
      "locked": {
        "lastModified": 1681028828,
        "narHash": "sha256-Vy1rq5AaRuLzOxct8nz4T6wlgyUR7zLU309k9mBC768=",
        "owner": "nix-systems",
        "repo": "default",
        "rev": "da67096a3b9bf56a91d16901293e51ba5b49a27e",
        "type": "github"
      },
      "original": {
        "owner": "nix-systems",
        "repo": "default",
        "type": "github"
      }
    },
    "systems_2": {
      "locked": {
        "lastModified": 1681028828,
        "narHash": "sha256-Vy1rq5AaRuLzOxct8nz4T6wlgyUR7zLU309k9mBC768=",
        "owner": "nix-systems",
        "repo": "default",
        "rev": "da67096a3b9bf56a91d16901293e51ba5b49a27e",
        "type": "github"
      },
      "original": {
        "owner": "nix-systems",
        "repo": "default",
        "type": "github"
      }
    }
  },
  "root": "root",
  "version": 7
}