{
  "nodes": {
    "claude-code-nix": {
      "inputs": {
        "flake-utils": "flake-utils",
        "nixpkgs": [
          "nixpkgs"
        ]
      },
      "locked": {
        "lastModified": 1774649084,
        "narHash": "sha256-GNyQRoMJxxasuw2/cOYSU4KEwLVwFr81c2UpVM1vGko=",
        "owner": "sadjow",
        "repo": "claude-code-nix",
        "rev": "f632b3d71e2dbebedeccb0a09a42f27a53af1a33",
        "type": "github"
      },
      "original": {
        "owner": "sadjow",
        "repo": "claude-code-nix",
        "type": "github"
      }
    },
    "corsett": {
      "flake": false,
      "locked": {
        "lastModified": 1771792543,
        "narHash": "sha256-yz6lFaWHCJhNr1pxcgfjbNTFjlsgW5ETbcs4eTNGwfI=",
        "owner": "johlrogge",
        "repo": "corsett",
        "rev": "bf16c1aa2e8d6ba1f833e33009f2deecadc3ee26",
        "type": "github"
      },
      "original": {
        "owner": "johlrogge",
        "repo": "corsett",
        "type": "github"
      }
    },
    "ctx": {
      "inputs": {
        "corsett": "corsett",
        "flake-utils": "flake-utils_2",
        "nixpkgs": [
          "nixpkgs"
        ]
      },
      "locked": {
        "lastModified": 1773355372,
        "narHash": "sha256-dmkNoZw4ozH6kFciPnE89Te1jdOXd+Focl2gd5ZOl+E=",
        "owner": "johlrogge.rs",
        "repo": "ctx",
        "rev": "eedcdda6f27df5d0af853af205335b7a2df9e6d2",
        "type": "gitlab"
      },
      "original": {
        "owner": "johlrogge.rs",
        "repo": "ctx",
        "type": "gitlab"
      }
    },
    "devenv": {
      "locked": {
        "dir": "src/modules",
        "lastModified": 1774717689,
        "narHash": "sha256-YuMzNAlRJSCwv+w5nab+bbtBXqm1XGj7jzJYEr65BGM=",
        "owner": "cachix",
        "repo": "devenv",
        "rev": "6814b3392d2787e6ae84ecf86a45c3aa18cbdb7a",
        "type": "github"
      },
      "original": {
        "dir": "src/modules",
        "owner": "cachix",
        "repo": "devenv",
        "type": "github"
      }
    },
    "flake-utils": {
      "inputs": {
        "systems": "systems"
      },
      "locked": {
        "lastModified": 1731533236,
        "narHash": "sha256-l0KFg5HjrsfsO/JpG+r7fRrqm12kzFHyUHqHCVpMMbI=",
        "owner": "numtide",
        "repo": "flake-utils",
        "rev": "11707dc2f618dd54ca8739b309ec4fc024de578b",
        "type": "github"
      },
      "original": {
        "owner": "numtide",
        "repo": "flake-utils",
        "type": "github"
      }
    },
    "flake-utils_2": {
      "inputs": {
        "systems": "systems_2"
      },
      "locked": {
        "lastModified": 1731533236,
        "narHash": "sha256-l0KFg5HjrsfsO/JpG+r7fRrqm12kzFHyUHqHCVpMMbI=",
        "owner": "numtide",
        "repo": "flake-utils",
        "rev": "11707dc2f618dd54ca8739b309ec4fc024de578b",
        "type": "github"
      },
      "original": {
        "owner": "numtide",
        "repo": "flake-utils",
        "type": "github"
      }
    },
    "metadev": {
      "flake": false,
      "locked": {
        "lastModified": 1774722803,
        "narHash": "sha256-RFCKSK6GQuRP3j96jSiRCX5NkIdRt78NZNX3uA27yQI=",
        "owner": "johlrogge",
        "repo": "metadev",
        "rev": "3ae4c9795c205d2d98129af1e24dbf42384d9aea",
        "type": "github"
      },
      "original": {
        "owner": "johlrogge",
        "repo": "metadev",
        "type": "github"
      }
    },
    "nixpkgs": {
      "inputs": {
        "nixpkgs-src": "nixpkgs-src"
      },
      "locked": {
        "lastModified": 1774287239,
        "narHash": "sha256-W3krsWcDwYuA3gPWsFA24YAXxOFUL6iIlT6IknAoNSE=",
        "owner": "cachix",
        "repo": "devenv-nixpkgs",
        "rev": "fa7125ea7f1ae5430010a6e071f68375a39bd24c",
        "type": "github"
      },
      "original": {
        "owner": "cachix",
        "ref": "rolling",
        "repo": "devenv-nixpkgs",
        "type": "github"
      }
    },
    "nixpkgs-src": {
      "flake": false,
      "locked": {
        "lastModified": 1773840656,
        "narHash": "sha256-9tpvMGFteZnd3gRQZFlRCohVpqooygFuy9yjuyRL2C0=",
        "owner": "NixOS",
        "repo": "nixpkgs",
        "rev": "9cf7092bdd603554bd8b63c216e8943cf9b12512",
        "type": "github"
      },
      "original": {
        "owner": "NixOS",
        "ref": "nixpkgs-unstable",
        "repo": "nixpkgs",
        "type": "github"
      }
    },
    "root": {
      "inputs": {
        "claude-code-nix": "claude-code-nix",
        "ctx": "ctx",
        "devenv": "devenv",
        "metadev": "metadev",
        "nixpkgs": "nixpkgs",
        "rust-overlay": "rust-overlay"
      }
    },
    "rust-overlay": {
      "inputs": {
        "nixpkgs": [
          "nixpkgs"
        ]
      },
      "locked": {
        "lastModified": 1774667365,
        "narHash": "sha256-+JamhonkPyti+oqfl1ySAyF2L02adhCEcdZOzpSukq8=",
        "owner": "oxalica",
        "repo": "rust-overlay",
        "rev": "98caaa8cd1fbcc45913d1bb2b7fbabcf3e8d967a",
        "type": "github"
      },
      "original": {
        "owner": "oxalica",
        "repo": "rust-overlay",
        "type": "github"
      }
    },
    "systems": {
      "locked": {
        "lastModified": 1681028828,
        "narHash": "sha256-Vy1rq5AaRuLzOxct8nz4T6wlgyUR7zLU309k9mBC768=",
        "owner": "nix-systems",
        "repo": "default",
        "rev": "da67096a3b9bf56a91d16901293e51ba5b49a27e",
        "type": "github"
      },
      "original": {
        "owner": "nix-systems",
        "repo": "default",
        "type": "github"
      }
    },
    "systems_2": {
      "locked": {
        "lastModified": 1681028828,
        "narHash": "sha256-Vy1rq5AaRuLzOxct8nz4T6wlgyUR7zLU309k9mBC768=",
        "owner": "nix-systems",
        "repo": "default",
        "rev": "da67096a3b9bf56a91d16901293e51ba5b49a27e",
        "type": "github"
      },
      "original": {
        "owner": "nix-systems",
        "repo": "default",
        "type": "github"
      }
    }
  },
  "root": "root",
  "version": 7
}